
Microsoft Visual Studio Solution File, Format Version 12.00
# Visual Studio 15
VisualStudioVersion = 15.0.27703.2026
MinimumVisualStudioVersion = 10.0.40219.1
Project("{FAE04EC0-301F-11D3-BF4B-00C04F79EFBC}") = "RandomiseWordList", "RandomiseWordList\RandomiseWordList.csproj", "{7A482545-2586-4152-9EA9-B2D09AD2ED80}"
EndProject
Project("{9A19103F-16F7-4668-BE54-9A1E7A4F7556}") = "KeePassReadablePassphrase", "KeePassReadablePassphrase\KeePassReadablePassphrase.csproj", "{EE49DD2F-8815-4090-8F78-06851D77CE3B}"
EndProject
Project("{9A19103F-16F7-4668-BE54-9A1E7A4F7556}") = "Generator", "Generator\Generator.csproj", "{1D28A217-9425-49BB-8708-3F5C178FE0AF}"
EndProject
Project("{9A19103F-16F7-4668-BE54-9A1E7A4F7556}") = "MergePartsOfSpeech", "MergePartsOfSpeech\MergePartsOfSpeech.csproj", "{A9A16D25-23D6-4865-8353-41927998CE03}"
EndProject
Project("{9A19103F-16F7-4668-BE54-9A1E7A4F7556}") = "ReadablePassphrase.Words", "ReadablePassphrase.Interfaces\ReadablePassphrase.Words.csproj", "{49422DB9-266A-4280-8EFC-6B38C1672FAA}"
EndProject
Project("{9A19103F-16F7-4668-BE54-9A1E7A4F7556}") = "ReadablePassphrase.Core", "ReadablePassphrase\ReadablePassphrase.Core.csproj", "{67FBD36C-7024-4418-8884-54FB8AA37A47}"
EndProject
Project("{2150E333-8FDC-42A3-9474-1A3956D46DE8}") = "Solution Items", "Solution Items", "{F4157BC1-ECA6-4EF0-A2B2-2BFEEAD89762}"
EndProject
Project("{9A19103F-16F7-4668-BE54-9A1E7A4F7556}") = "Test", "Test\Test.csproj", "{72238245-81DB-40D6-856A-AD741FDA2790}"
EndProject
Project("{FAE04EC0-301F-11D3-BF4B-00C04F79EFBC}") = "ReasablePassphrase.DefaultDictionary", "ReasablePassphrase.DefaultDictionary\ReasablePassphrase.DefaultDictionary.csproj", "{949446B0-BC44-4347-900C-0AFAFB4CDB45}"
EndProject
Global
	GlobalSection(SolutionConfigurationPlatforms) = preSolution
		Debug|Any CPU = Debug|Any CPU
		Release|Any CPU = Release|Any CPU
	EndGlobalSection
	GlobalSection(ProjectConfigurationPlatforms) = postSolution
		{7A482545-2586-4152-9EA9-B2D09AD2ED80}.Debug|Any CPU.ActiveCfg = Debug|Any CPU
		{7A482545-2586-4152-9EA9-B2D09AD2ED80}.Debug|Any CPU.Build.0 = Debug|Any CPU
		{7A482545-2586-4152-9EA9-B2D09AD2ED80}.Release|Any CPU.ActiveCfg = Release|Any CPU
		{7A482545-2586-4152-9EA9-B2D09AD2ED80}.Release|Any CPU.Build.0 = Release|Any CPU
		{EE49DD2F-8815-4090-8F78-06851D77CE3B}.Debug|Any CPU.ActiveCfg = Debug|Any CPU
		{EE49DD2F-8815-4090-8F78-06851D77CE3B}.Debug|Any CPU.Build.0 = Debug|Any CPU
		{EE49DD2F-8815-4090-8F78-06851D77CE3B}.Release|Any CPU.ActiveCfg = Release|Any CPU
		{EE49DD2F-8815-4090-8F78-06851D77CE3B}.Release|Any CPU.Build.0 = Release|Any CPU
		{1D28A217-9425-49BB-8708-3F5C178FE0AF}.Debug|Any CPU.ActiveCfg = Debug|Any CPU
		{1D28A217-9425-49BB-8708-3F5C178FE0AF}.Debug|Any CPU.Build.0 = Debug|Any CPU
		{1D28A217-9425-49BB-8708-3F5C178FE0AF}.Release|Any CPU.ActiveCfg = Release|Any CPU
		{1D28A217-9425-49BB-8708-3F5C178FE0AF}.Release|Any CPU.Build.0 = Release|Any CPU
		{A9A16D25-23D6-4865-8353-41927998CE03}.Debug|Any CPU.ActiveCfg = Debug|Any CPU
		{A9A16D25-23D6-4865-8353-41927998CE03}.Debug|Any CPU.Build.0 = Debug|Any CPU
		{A9A16D25-23D6-4865-8353-41927998CE03}.Release|Any CPU.ActiveCfg = Release|Any CPU
		{A9A16D25-23D6-4865-8353-41927998CE03}.Release|Any CPU.Build.0 = Release|Any CPU
		{49422DB9-266A-4280-8EFC-6B38C1672FAA}.Debug|Any CPU.ActiveCfg = Debug|Any CPU
		{49422DB9-266A-4280-8EFC-6B38C1672FAA}.Debug|Any CPU.Build.0 = Debug|Any CPU
		{49422DB9-266A-4280-8EFC-6B38C1672FAA}.Release|Any CPU.ActiveCfg = Release|Any CPU
		{49422DB9-266A-4280-8EFC-6B38C1672FAA}.Release|Any CPU.Build.0 = Release|Any CPU
		{67FBD36C-7024-4418-8884-54FB8AA37A47}.Debug|Any CPU.ActiveCfg = Debug|Any CPU
		{67FBD36C-7024-4418-8884-54FB8AA37A47}.Debug|Any CPU.Build.0 = Debug|Any CPU
		{67FBD36C-7024-4418-8884-54FB8AA37A47}.Release|Any CPU.ActiveCfg = Release|Any CPU
		{67FBD36C-7024-4418-8884-54FB8AA37A47}.Release|Any CPU.Build.0 = Release|Any CPU
		{72238245-81DB-40D6-856A-AD741FDA2790}.Debug|Any CPU.ActiveCfg = Debug|Any CPU
		{72238245-81DB-40D6-856A-AD741FDA2790}.Debug|Any CPU.Build.0 = Debug|Any CPU
		{72238245-81DB-40D6-856A-AD741FDA2790}.Release|Any CPU.ActiveCfg = Release|Any CPU
		{72238245-81DB-40D6-856A-AD741FDA2790}.Release|Any CPU.Build.0 = Release|Any CPU
		{949446B0-BC44-4347-900C-0AFAFB4CDB45}.Debug|Any CPU.ActiveCfg = Debug|Any CPU
		{949446B0-BC44-4347-900C-0AFAFB4CDB45}.Debug|Any CPU.Build.0 = Debug|Any CPU
		{949446B0-BC44-4347-900C-0AFAFB4CDB45}.Release|Any CPU.ActiveCfg = Release|Any CPU
		{949446B0-BC44-4347-900C-0AFAFB4CDB45}.Release|Any CPU.Build.0 = Release|Any CPU
	EndGlobalSection
	GlobalSection(SolutionProperties) = preSolution
		HideSolutionNode = FALSE
	EndGlobalSection
	GlobalSection(ExtensibilityGlobals) = postSolution
		SolutionGuid = {D8E058B7-53AA-4C18-BDB9-7B081CF5910A}
	EndGlobalSection
EndGlobal
